
Microsoft Visual Studio Solution File, Format Version 12.00
# Visual Studio Version 16
VisualStudioVersion = 16.0.29102.190
MinimumVisualStudioVersion = 10.0.40219.1
Project("{FAE04EC0-301F-11D3-BF4B-00C04F79EFBC}") = "azure-demo-lab", "azure-demo-lab\azure-demo-lab.csproj", "{AD507B12-1959-4BC1-A3C4-32B4410F83DB}"
EndProject
Global
	GlobalSection(SolutionConfigurationPlatforms) = preSolution
		Debug|Any CPU = Debug|Any CPU
		Release|Any CPU = Release|Any CPU
	EndGlobalSection
	GlobalSection(ProjectConfigurationPlatforms) = postSolution
		{AD507B12-1959-4BC1-A3C4-32B4410F83DB}.Debug|Any CPU.ActiveCfg = Debug|Any CPU
		{AD507B12-1959-4BC1-A3C4-32B4410F83DB}.Debug|Any CPU.Build.0 = Debug|Any CPU
		{AD507B12-1959-4BC1-A3C4-32B4410F83DB}.Release|Any CPU.ActiveCfg = Release|Any CPU
		{AD507B12-1959-4BC1-A3C4-32B4410F83DB}.Release|Any CPU.Build.0 = Release|Any CPU
	EndGlobalSection
	GlobalSection(SolutionProperties) = preSolution
		HideSolutionNode = FALSE
	EndGlobalSection
	GlobalSection(ExtensibilityGlobals) = postSolution
		SolutionGuid = {21E48C6D-CFA6-44C8-860D-46606D9B54B0}
	EndGlobalSection
EndGlobal
